// !$*UTF8*$!
{
	archiveVersion = 1;
	classes = {
	};
	objectVersion = 55;
	objects = {

/* Begin PBXBuildFile section */
		4117401F28E87ECE003B858A /* BananaVC.swift in Sources */ = {isa = PBXBuildFile; fileRef = 4117401E28E87ECE003B858A /* BananaVC.swift */; };
		4117402128E87EE4003B858A /* PeachVC.swift in Sources */ = {isa = PBXBuildFile; fileRef = 4117402028E87EE4003B858A /* PeachVC.swift */; };
		4117402328E87EF0003B858A /* PearVC.swift in Sources */ = {isa = PBXBuildFile; fileRef = 4117402228E87EF0003B858A /* PearVC.swift */; };
		4117402728E87F18003B858A /* GrapesVC.swift in Sources */ = {isa = PBXBuildFile; fileRef = 4117402628E87F18003B858A /* GrapesVC.swift */; };
		4187077F28E7F0D500FA6D79 /* AppDelegate.swift in Sources */ = {isa = PBXBuildFile; fileRef = 4187077E28E7F0D500FA6D79 /* AppDelegate.swift */; };
		4187078128E7F0D500FA6D79 /* SceneDelegate.swift in Sources */ = {isa = PBXBuildFile; fileRef = 4187078028E7F0D500FA6D79 /* SceneDelegate.swift */; };
		4187078328E7F0D500FA6D79 /* ViewController.swift in Sources */ = {isa = PBXBuildFile; fileRef = 4187078228E7F0D500FA6D79 /* ViewController.swift */; };
		4187078628E7F0D500FA6D79 /* Main.storyboard in Resources */ = {isa = PBXBuildFile; fileRef = 4187078428E7F0D500FA6D79 /* Main.storyboard */; };
		4187078828E7F0D600FA6D79 /* Assets.xcassets in Resources */ = {isa = PBXBuildFile; fileRef = 4187078728E7F0D600FA6D79 /* Assets.xcassets */; };
		4187078B28E7F0D600FA6D79 /* LaunchScreen.storyboard in Resources */ = {isa = PBXBuildFile; fileRef = 4187078928E7F0D600FA6D79 /* LaunchScreen.storyboard */; };
/* End PBXBuildFile section */

/* Begin PBXFileReference section */
		4117401E28E87ECE003B858A /* BananaVC.swift */ = {isa = PBXFileReference; lastKnownFileType = sourcecode.swift; path = BananaVC.swift; sourceTree = "<group>"; };
		4117402028E87EE4003B858A /* PeachVC.swift */ = {isa = PBXFileReference; lastKnownFileType = sourcecode.swift; path = PeachVC.swift; sourceTree = "<group>"; };
		4117402228E87EF0003B858A /* PearVC.swift */ = {isa = PBXFileReference; lastKnownFileType = sourcecode.swift; path = PearVC.swift; sourceTree = "<group>"; };
		4117402628E87F18003B858A /* GrapesVC.swift */ = {isa = PBXFileReference; lastKnownFileType = sourcecode.swift; path = GrapesVC.swift; sourceTree = "<group>"; };
		4187077B28E7F0D500FA6D79 /* Banana_TabBar.app */ = {isa = PBXFileReference; explicitFileType = wrapper.application; includeInIndex = 0; path = Banana_TabBar.app; sourceTree = BUILT_PRODUCTS_DIR; };
		4187077E28E7F0D500FA6D79 /* AppDelegate.swift */ = {isa = PBXFileReference; lastKnownFileType = sourcecode.swift; path = AppDelegate.swift; sourceTree = "<group>"; };
		4187078028E7F0D500FA6D79 /* SceneDelegate.swift */ = {isa = PBXFileReference; lastKnownFileType = sourcecode.swift; path = SceneDelegate.swift; sourceTree = "<group>"; };
		4187078228E7F0D500FA6D79 /* ViewController.swift */ = {isa = PBXFileReference; lastKnownFileType = sourcecode.swift; path = ViewController.swift; sourceTree = "<group>"; };
		4187078528E7F0D500FA6D79 /* Base */ = {isa = PBXFileReference; lastKnownFileType = file.storyboard; name = Base; path = Base.lproj/Main.storyboard; sourceTree = "<group>"; };
		4187078728E7F0D600FA6D79 /* Assets.xcassets */ = {isa = PBXFileReference; lastKnownFileType = folder.assetcatalog; path = Assets.xcassets; sourceTree = "<group>"; };
		4187078A28E7F0D600FA6D79 /* Base */ = {isa = PBXFileReference; lastKnownFileType = file.storyboard; name = Base; path = Base.lproj/LaunchScreen.storyboard; sourceTree = "<group>"; };
		4187078C28E7F0D600FA6D79 /* Info.plist */ = {isa = PBXFileReference; lastKnownFileType = text.plist.xml; path = Info.plist; sourceTree = "<group>"; };
/* End PBXFileReference section */

/* Begin PBXFrameworksBuildPhase section */
		4187077828E7F0D500FA6D79 /* Frameworks */ = {
			isa = PBXFrameworksBuildPhase;
			buildActionMask = 2147483647;
			files = (
			);
			runOnlyForDeploymentPostprocessing = 0;
		};
/* End PBXFrameworksBuildPhase section */

/* Begin PBXGroup section */
		4117401D28E87EAF003B858A /* All_VCs */ = {
			isa = PBXGroup;
			children = (
				4187078228E7F0D500FA6D79 /* ViewController.swift */,
				4117401E28E87ECE003B858A /* BananaVC.swift */,
				4117402628E87F18003B858A /* GrapesVC.swift */,
				4117402028E87EE4003B858A /* PeachVC.swift */,
				4117402228E87EF0003B858A /* PearVC.swift */,
			);
			path = All_VCs;
			sourceTree = "<group>";
		};
		4187077228E7F0D500FA6D79 = {
			isa = PBXGroup;
			children = (
				4187077D28E7F0D500FA6D79 /* Banana_TabBar */,
				4187077C28E7F0D500FA6D79 /* Products */,
			);
			sourceTree = "<group>";
		};
		4187077C28E7F0D500FA6D79 /* Products */ = {
			isa = PBXGroup;
			children = (
				4187077B28E7F0D500FA6D79 /* Banana_TabBar.app */,
			);
			name = Products;
			sourceTree = "<group>";
		};
		4187077D28E7F0D500FA6D79 /* Banana_TabBar */ = {
			isa = PBXGroup;
			children = (
				4187077E28E7F0D500FA6D79 /* AppDelegate.swift */,
				4187078028E7F0D500FA6D79 /* SceneDelegate.swift */,
				4187078428E7F0D500FA6D79 /* Main.storyboard */,
				4187078728E7F0D600FA6D79 /* Assets.xcassets */,
				4187078928E7F0D600FA6D79 /* LaunchScreen.storyboard */,
				4187078C28E7F0D600FA6D79 /* Info.plist */,
				4117401D28E87EAF003B858A /* All_VCs */,
			);
			path = Banana_TabBar;
			sourceTree = "<group>";
		};
/* End PBXGroup section */

/* Begin PBXNativeTarget section */
		4187077A28E7F0D500FA6D79 /* Banana_TabBar */ = {
			isa = PBXNativeTarget;
			buildConfigurationList = 4187078F28E7F0D600FA6D79 /* Build configuration list for PBXNativeTarget "Banana_TabBar" */;
			buildPhases = (
				4187077728E7F0D500FA6D79 /* Sources */,
				4187077828E7F0D500FA6D79 /* Frameworks */,
				4187077928E7F0D500FA6D79 /* Resources */,
			);
			buildRules = (
			);
			dependencies = (
			);
			name = Banana_TabBar;
			productName = Banana_TabBar;
			productReference = 4187077B28E7F0D500FA6D79 /* Banana_TabBar.app */;
			productType = "com.apple.product-type.application";
		};
/* End PBXNativeTarget section */

/* Begin PBXProject section */
		4187077328E7F0D500FA6D79 /* Project object */ = {
			isa = PBXProject;
			attributes = {
				BuildIndependentTargetsInParallel = 1;
				LastSwiftUpdateCheck = 1320;
				LastUpgradeCheck = 1320;
				TargetAttributes = {
					4187077A28E7F0D500FA6D79 = {
						CreatedOnToolsVersion = 13.2.1;
					};
				};
			};
			buildConfigurationList = 4187077628E7F0D500FA6D79 /* Build configuration list for PBXProject "Banana_TabBar" */;
			compatibilityVersion = "Xcode 13.0";
			developmentRegion = en;
			hasScannedForEncodings = 0;
			knownRegions = (
				en,
				Base,
			);
			mainGroup = 4187077228E7F0D500FA6D79;
			productRefGroup = 4187077C28E7F0D500FA6D79 /* Products */;
			projectDirPath = "";
			projectRoot = "";
			targets = (
				4187077A28E7F0D500FA6D79 /* Banana_TabBar */,
			);
		};
/* End PBXProject section */

/* Begin PBXResourcesBuildPhase section */
		4187077928E7F0D500FA6D79 /* Resources */ = {
			isa = PBXResourcesBuildPhase;
			buildActionMask = 2147483647;
			files = (
				4187078B28E7F0D600FA6D79 /* LaunchScreen.storyboard in Resources */,
				4187078828E7F0D600FA6D79 /* Assets.xcassets in Resources */,
				4187078628E7F0D500FA6D79 /* Main.storyboard in Resources */,
			);
			runOnlyForDeploymentPostprocessing = 0;
		};
/* End PBXResourcesBuildPhase section */

/* Begin PBXSourcesBuildPhase section */
		4187077728E7F0D500FA6D79 /* Sources */ = {
			isa = PBXSourcesBuildPhase;
			buildActionMask = 2147483647;
			files = (
				4187078328E7F0D500FA6D79 /* ViewController.swift in Sources */,
				4187077F28E7F0D500FA6D79 /* AppDelegate.swift in Sources */,
				4187078128E7F0D500FA6D79 /* SceneDelegate.swift in Sources */,
				4117402128E87EE4003B858A /* PeachVC.swift in Sources */,
				4117402728E87F18003B858A /* GrapesVC.swift in Sources */,
				4117402328E87EF0003B858A /* PearVC.swift in Sources */,
				4117401F28E87ECE003B858A /* BananaVC.swift in Sources */,
			);
			runOnlyForDeploymentPostprocessing = 0;
		};
/* End PBXSourcesBuildPhase section */

/* Begin PBXVariantGroup section */
		4187078428E7F0D500FA6D79 /* Main.storyboard */ = {
			isa = PBXVariantGroup;
			children = (
				4187078528E7F0D500FA6D79 /* Base */,
			);
			name = Main.storyboard;
			sourceTree = "<group>";
		};
		4187078928E7F0D600FA6D79 /* LaunchScreen.storyboard */ = {
			isa = PBXVariantGroup;
			children = (
				4187078A28E7F0D600FA6D79 /* Base */,
			);
			name = LaunchScreen.storyboard;
			sourceTree = "<group>";
		};
/* End PBXVariantGroup section */

/* Begin XCBuildConfiguration section */
		4187078D28E7F0D600FA6D79 /* Debug */ = {
			isa = XCBuildConfiguration;
			buildSettings = {
				ALWAYS_SEARCH_USER_PATHS = NO;
				CLANG_ANALYZER_NONNULL = YES;
				CLANG_ANALYZER_NUMBER_OBJECT_CONVERSION = YES_AGGRESSIVE;
				CLANG_CXX_LANGUAGE_STANDARD = "gnu++17";
				CLANG_CXX_LIBRARY = "libc++";
				CLANG_ENABLE_MODULES = YES;
				CLANG_ENABLE_OBJC_ARC = YES;
				CLANG_ENABLE_OBJC_WEAK = YES;
				CLANG_WARN_BLOCK_CAPTURE_AUTORELEASING = YES;
				CLANG_WARN_BOOL_CONVERSION = YES;
				CLANG_WARN_COMMA = YES;
				CLANG_WARN_CONSTANT_CONVERSION = YES;
				CLANG_WARN_DEPRECATED_OBJC_IMPLEMENTATIONS = YES;
				CLANG_WARN_DIRECT_OBJC_ISA_USAGE = YES_ERROR;
				CLANG_WARN_DOCUMENTATION_COMMENTS = YES;
				CLANG_WARN_EMPTY_BODY = YES;
				CLANG_WARN_ENUM_CONVERSION = YES;
				CLANG_WARN_INFINITE_RECURSION = YES;
				CLANG_WARN_INT_CONVERSION = YES;
				CLANG_WARN_NON_LITERAL_NULL_CONVERSION = YES;
				CLANG_WARN_OBJC_IMPLICIT_RETAIN_SELF = YES;
				CLANG_WARN_OBJC_LITERAL_CONVERSION = YES;
				CLANG_WARN_OBJC_ROOT_CLASS = YES_ERROR;
				CLANG_WARN_QUOTED_INCLUDE_IN_FRAMEWORK_HEADER = YES;
				CLANG_WARN_RANGE_LOOP_ANALYSIS = YES;
				CLANG_WARN_STRICT_PROTOTYPES = YES;
				CLANG_WARN_SUSPICIOUS_MOVE = YES;
				CLANG_WARN_UNGUARDED_AVAILABILITY = YES_AGGRESSIVE;
				CLANG_WARN_UNREACHABLE_CODE = YES;
				CLANG_WARN__DUPLICATE_METHOD_MATCH = YES;
				COPY_PHASE_STRIP = NO;
				DEBUG_INFORMATION_FORMAT = dwarf;
				ENABLE_STRICT_OBJC_MSGSEND = YES;
				ENABLE_TESTABILITY = YES;
				GCC_C_LANGUAGE_STANDARD = gnu11;
				GCC_DYNAMIC_NO_PIC = NO;
				GCC_NO_COMMON_BLOCKS = YES;
				GCC_OPTIMIZATION_LEVEL = 0;
				GCC_PREPROCESSOR_DEFINITIONS = (
					"DEBUG=1",
					"$(inherited)",
				);
				GCC_WARN_64_TO_32_BIT_CONVERSION = YES;
				GCC_WARN_ABOUT_RETURN_TYPE = YES_ERROR;
				GCC_WARN_UNDECLARED_SELECTOR = YES;
				GCC_WARN_UNINITIALIZED_AUTOS = YES_AGGRESSIVE;
				GCC_WARN_UNUSED_FUNCTION = YES;
				GCC_WARN_UNUSED_VARIABLE = YES;
				IPHONEOS_DEPLOYMENT_TARGET = 15.2;
				MTL_ENABLE_DEBUG_INFO = INCLUDE_SOURCE;
				MTL_FAST_MATH = YES;
				ONLY_ACTIVE_ARCH = YES;
				SDKROOT = iphoneos;
				SWIFT_ACTIVE_COMPILATION_CONDITIONS = DEBUG;
				SWIFT_OPTIMIZATION_LEVEL = "-Onone";
			};
			name = Debug;
		};
		4187078E28E7F0D600FA6D79 /* Release */ = {
			isa = XCBuildConfiguration;
			buildSettings = {
				ALWAYS_SEARCH_USER_PATHS = NO;
				CLANG_ANALYZER_NONNULL = YES;
				CLANG_ANALYZER_NUMBER_OBJECT_CONVERSION = YES_AGGRESSIVE;
				CLANG_CXX_LANGUAGE_STANDARD = "gnu++17";
				CLANG_CXX_LIBRARY = "libc++";
				CLANG_ENABLE_MODULES = YES;
				CLANG_ENABLE_OBJC_ARC = YES;
				CLANG_ENABLE_OBJC_WEAK = YES;
				CLANG_WARN_BLOCK_CAPTURE_AUTORELEASING = YES;
				CLANG_WARN_BOOL_CONVERSION = YES;
				CLANG_WARN_COMMA = YES;
				CLANG_WARN_CONSTANT_CONVERSION = YES;
				CLANG_WARN_DEPRECATED_OBJC_IMPLEMENTATIONS = YES;
				CLANG_WARN_DIRECT_OBJC_ISA_USAGE = YES_ERROR;
				CLANG_WARN_DOCUMENTATION_COMMENTS = YES;
				CLANG_WARN_EMPTY_BODY = YES;
				CLANG_WARN_ENUM_CONVERSION = YES;
				CLANG_WARN_INFINITE_RECURSION = YES;
				CLANG_WARN_INT_CONVERSION = YES;
				CLANG_WARN_NON_LITERAL_NULL_CONVERSION = YES;
				CLANG_WARN_OBJC_IMPLICIT_RETAIN_SELF = YES;
				CLANG_WARN_OBJC_LITERAL_CONVERSION = YES;
				CLANG_WARN_OBJC_ROOT_CLASS = YES_ERROR;
				CLANG_WARN_QUOTED_INCLUDE_IN_FRAMEWORK_HEADER = YES;
				CLANG_WARN_RANGE_LOOP_ANALYSIS = YES;
				CLANG_WARN_STRICT_PROTOTYPES = YES;
				CLANG_WARN_SUSPICIOUS_MOVE = YES;
				CLANG_WARN_UNGUARDED_AVAILABILITY = YES_AGGRESSIVE;
				CLANG_WARN_UNREACHABLE_CODE = YES;
				CLANG_WARN__DUPLICATE_METHOD_MATCH = YES;
				COPY_PHASE_STRIP = NO;
				DEBUG_INFORMATION_FORMAT = "dwarf-with-dsym";
				ENABLE_NS_ASSERTIONS = NO;
				ENABLE_STRICT_OBJC_MSGSEND = YES;
				GCC_C_LANGUAGE_STANDARD = gnu11;
				GCC_NO_COMMON_BLOCKS = YES;
				GCC_WARN_64_TO_32_BIT_CONVERSION = YES;
				GCC_WARN_ABOUT_RETURN_TYPE = YES_ERROR;
				GCC_WARN_UNDECLARED_SELECTOR = YES;
				GCC_WARN_UNINITIALIZED_AUTOS = YES_AGGRESSIVE;
				GCC_WARN_UNUSED_FUNCTION = YES;
				GCC_WARN_UNUSED_VARIABLE = YES;
				IPHONEOS_DEPLOYMENT_TARGET = 15.2;
				MTL_ENABLE_DEBUG_INFO = NO;
				MTL_FAST_MATH = YES;
				SDKROOT = iphoneos;
				SWIFT_COMPILATION_MODE = wholemodule;
				SWIFT_OPTIMIZATION_LEVEL = "-O";
				VALIDATE_PRODUCT = YES;
			};
			name = Release;
		};
		4187079028E7F0D600FA6D79 /* Debug */ = {
			isa = XCBuildConfiguration;
			buildSettings = {
				ASSETCATALOG_COMPILER_APPICON_NAME = AppIcon;
				ASSETCATALOG_COMPILER_GLOBAL_ACCENT_COLOR_NAME = AccentColor;
				CODE_SIGN_STYLE = Automatic;
				CURRENT_PROJECT_VERSION = 1;
				DEVELOPMENT_TEAM = 5G8CDP9543;
				GENERATE_INFOPLIST_FILE = YES;
				INFOPLIST_FILE = Banana_TabBar/Info.plist;
				INFOPLIST_KEY_UIApplicationSupportsIndirectInputEvents = YES;
				INFOPLIST_KEY_UILaunchStoryboardName = LaunchScreen;
				INFOPLIST_KEY_UIMainStoryboardFile = Main;
				INFOPLIST_KEY_UISupportedInterfaceOrientations_iPad = "UIInterfaceOrientationPortrait UIInterfaceOrientationPortraitUpsideDown UIInterfaceOrientationLandscapeLeft UIInterfaceOrientationLandscapeRight";
				INFOPLIST_KEY_UISupportedInterfaceOrientations_iPhone = "UIInterfaceOrientationPortrait UIInterfaceOrientationLandscapeLeft UIInterfaceOrientationLandscapeRight";
				LD_RUNPATH_SEARCH_PATHS = (
					"$(inherited)",
					"@executable_path/Frameworks",
				);
				MARKETING_VERSION = 1.0;
				PRODUCT_BUNDLE_IDENTIFIER = "MukhammadaliKhusanov.Banana-TabBar";
				PRODUCT_NAME = "$(TARGET_NAME)";
				SWIFT_EMIT_LOC_STRINGS = YES;
				SWIFT_VERSION = 5.0;
				TARGETED_DEVICE_FAMILY = "1,2";
			};
			name = Debug;
		};
		4187079128E7F0D600FA6D79 /* Release */ = {
			isa = XCBuildConfiguration;
			buildSettings = {
				ASSETCATALOG_COMPILER_APPICON_NAME = AppIcon;
				ASSETCATALOG_COMPILER_GLOBAL_ACCENT_COLOR_NAME = AccentColor;
				CODE_SIGN_STYLE = Automatic;
				CURRENT_PROJECT_VERSION = 1;
				DEVELOPMENT_TEAM = 5G8CDP9543;
				GENERATE_INFOPLIST_FILE = YES;
				INFOPLIST_FILE = Banana_TabBar/Info.plist;
				INFOPLIST_KEY_UIApplicationSupportsIndirectInputEvents = YES;
				INFOPLIST_KEY_UILaunchStoryboardName = LaunchScreen;
				INFOPLIST_KEY_UIMainStoryboardFile = Main;
				INFOPLIST_KEY_UISupportedInterfaceOrientations_iPad = "UIInterfaceOrientationPortrait UIInterfaceOrientationPortraitUpsideDown UIInterfaceOrientationLandscapeLeft UIInterfaceOrientationLandscapeRight";
				INFOPLIST_KEY_UISupportedInterfaceOrientations_iPhone = "UIInterfaceOrientationPortrait UIInterfaceOrientationLandscapeLeft UIInterfaceOrientationLandscapeRight";
				LD_RUNPATH_SEARCH_PATHS = (
					"$(inherited)",
					"@executable_path/Frameworks",
				);
				MARKETING_VERSION = 1.0;
				PRODUCT_BUNDLE_IDENTIFIER = "MukhammadaliKhusanov.Banana-TabBar";
				PRODUCT_NAME = "$(TARGET_NAME)";
				SWIFT_EMIT_LOC_STRINGS = YES;
				SWIFT_VERSION = 5.0;
				TARGETED_DEVICE_FAMILY = "1,2";
			};
			name = Release;
		};
/* End XCBuildConfiguration section */

/* Begin XCConfigurationList section */
		4187077628E7F0D500FA6D79 /* Build configuration list for PBXProject "Banana_TabBar" */ = {
			isa = XCConfigurationList;
			buildConfigurations = (
				4187078D28E7F0D600FA6D79 /* Debug */,
				4187078E28E7F0D600FA6D79 /* Release */,
			);
			defaultConfigurationIsVisible = 0;
			defaultConfigurationName = Release;
		};
		4187078F28E7F0D600FA6D79 /* Build configuration list for PBXNativeTarget "Banana_TabBar" */ = {
			isa = XCConfigurationList;
			buildConfigurations = (
				4187079028E7F0D600FA6D79 /* Debug */,
				4187079128E7F0D600FA6D79 /* Release */,
			);
			defaultConfigurationIsVisible = 0;
			defaultConfigurationName = Release;
		};
/* End XCConfigurationList section */
	};
	rootObject = 4187077328E7F0D500FA6D79 /* Project object */;
}
